
Microsoft Visual Studio Solution File, Format Version 12.00
# Visual Studio Version 17
VisualStudioVersion = 17.7.34024.191
MinimumVisualStudioVersion = 10.0.40219.1
Project("{54435603-DBB4-11D2-8724-00A0C9A8B90C}") = "ToolTest2Setup", "..\ToolTest2Setup\ToolTest2Setup.vdproj", "{17544C99-7AF0-440D-97C6-4412AAFB19CC}"
EndProject
Project("{9A19103F-16F7-4668-BE54-9A1E7A4F7556}") = "GS1406", "ToolTest2\GS1406.csproj", "{3C36A0B6-8197-41E8-9E58-6931408F3CBA}"
EndProject
Project("{9A19103F-16F7-4668-BE54-9A1E7A4F7556}") = "GS-7130", "GS-7130\GS-7130.csproj", "{91A9A5F4-4549-449B-AC39-668AD52B81FD}"
EndProject
Global
	GlobalSection(SolutionConfigurationPlatforms) = preSolution
		Debug|Any CPU = Debug|Any CPU
		Debug|x64 = Debug|x64
		Debug|x86 = Debug|x86
		Release|Any CPU = Release|Any CPU
		Release|x64 = Release|x64
		Release|x86 = Release|x86
	EndGlobalSection
	GlobalSection(ProjectConfigurationPlatforms) = postSolution
		{17544C99-7AF0-440D-97C6-4412AAFB19CC}.Debug|Any CPU.ActiveCfg = Debug
		{17544C99-7AF0-440D-97C6-4412AAFB19CC}.Debug|x64.ActiveCfg = Debug
		{17544C99-7AF0-440D-97C6-4412AAFB19CC}.Debug|x64.Build.0 = Debug
		{17544C99-7AF0-440D-97C6-4412AAFB19CC}.Debug|x86.ActiveCfg = Debug
		{17544C99-7AF0-440D-97C6-4412AAFB19CC}.Debug|x86.Build.0 = Debug
		{17544C99-7AF0-440D-97C6-4412AAFB19CC}.Release|Any CPU.ActiveCfg = Release
		{17544C99-7AF0-440D-97C6-4412AAFB19CC}.Release|x64.ActiveCfg = Release
		{17544C99-7AF0-440D-97C6-4412AAFB19CC}.Release|x64.Build.0 = Release
		{17544C99-7AF0-440D-97C6-4412AAFB19CC}.Release|x86.ActiveCfg = Release
		{17544C99-7AF0-440D-97C6-4412AAFB19CC}.Release|x86.Build.0 = Release
		{3C36A0B6-8197-41E8-9E58-6931408F3CBA}.Debug|Any CPU.ActiveCfg = Debug|Any CPU
		{3C36A0B6-8197-41E8-9E58-6931408F3CBA}.Debug|Any CPU.Build.0 = Debug|Any CPU
		{3C36A0B6-8197-41E8-9E58-6931408F3CBA}.Debug|x64.ActiveCfg = Debug|x64
		{3C36A0B6-8197-41E8-9E58-6931408F3CBA}.Debug|x64.Build.0 = Debug|x64
		{3C36A0B6-8197-41E8-9E58-6931408F3CBA}.Debug|x86.ActiveCfg = Debug|x86
		{3C36A0B6-8197-41E8-9E58-6931408F3CBA}.Debug|x86.Build.0 = Debug|x86
		{3C36A0B6-8197-41E8-9E58-6931408F3CBA}.Release|Any CPU.ActiveCfg = Release|Any CPU
		{3C36A0B6-8197-41E8-9E58-6931408F3CBA}.Release|Any CPU.Build.0 = Release|Any CPU
		{3C36A0B6-8197-41E8-9E58-6931408F3CBA}.Release|x64.ActiveCfg = Release|x64
		{3C36A0B6-8197-41E8-9E58-6931408F3CBA}.Release|x64.Build.0 = Release|x64
		{3C36A0B6-8197-41E8-9E58-6931408F3CBA}.Release|x86.ActiveCfg = Release|x86
		{3C36A0B6-8197-41E8-9E58-6931408F3CBA}.Release|x86.Build.0 = Release|x86
		{91A9A5F4-4549-449B-AC39-668AD52B81FD}.Debug|Any CPU.ActiveCfg = Debug|Any CPU
		{91A9A5F4-4549-449B-AC39-668AD52B81FD}.Debug|Any CPU.Build.0 = Debug|Any CPU
		{91A9A5F4-4549-449B-AC39-668AD52B81FD}.Debug|x64.ActiveCfg = Debug|Any CPU
		{91A9A5F4-4549-449B-AC39-668AD52B81FD}.Debug|x64.Build.0 = Debug|Any CPU
		{91A9A5F4-4549-449B-AC39-668AD52B81FD}.Debug|x86.ActiveCfg = Debug|Any CPU
		{91A9A5F4-4549-449B-AC39-668AD52B81FD}.Debug|x86.Build.0 = Debug|Any CPU
		{91A9A5F4-4549-449B-AC39-668AD52B81FD}.Release|Any CPU.ActiveCfg = Release|Any CPU
		{91A9A5F4-4549-449B-AC39-668AD52B81FD}.Release|Any CPU.Build.0 = Release|Any CPU
		{91A9A5F4-4549-449B-AC39-668AD52B81FD}.Release|x64.ActiveCfg = Release|Any CPU
		{91A9A5F4-4549-449B-AC39-668AD52B81FD}.Release|x64.Build.0 = Release|Any CPU
		{91A9A5F4-4549-449B-AC39-668AD52B81FD}.Release|x86.ActiveCfg = Release|Any CPU
		{91A9A5F4-4549-449B-AC39-668AD52B81FD}.Release|x86.Build.0 = Release|Any CPU
	EndGlobalSection
	GlobalSection(SolutionProperties) = preSolution
		HideSolutionNode = FALSE
	EndGlobalSection
	GlobalSection(ExtensibilityGlobals) = postSolution
		SolutionGuid = {FF612CD0-6A44-40F4-A74C-A21C780D7AB0}
	EndGlobalSection
EndGlobal
